
Microsoft Visual Studio Solution File, Format Version 12.00
# Visual Studio 15
VisualStudioVersion = 15.0.28010.2048
MinimumVisualStudioVersion = 10.0.40219.1
Project("{8BC9CEB8-8B4A-11D0-8D11-00A0C91BC942}") = "Bankkonto", "Bankkonto\Bankkonto.vcxproj", "{46B91D6C-E285-429F-BB23-DF49186E7906}"
EndProject
Global
	GlobalSection(SolutionConfigurationPlatforms) = preSolution
		Debug|x64 = Debug|x64
		Debug|x86 = Debug|x86
		Release|x64 = Release|x64
		Release|x86 = Release|x86
	EndGlobalSection
	GlobalSection(ProjectConfigurationPlatforms) = postSolution
		{46B91D6C-E285-429F-BB23-DF49186E7906}.Debug|x64.ActiveCfg = Debug|x64
		{46B91D6C-E285-429F-BB23-DF49186E7906}.Debug|x64.Build.0 = Debug|x64
		{46B91D6C-E285-429F-BB23-DF49186E7906}.Debug|x86.ActiveCfg = Debug|Win32
		{46B91D6C-E285-429F-BB23-DF49186E7906}.Debug|x86.Build.0 = Debug|Win32
		{46B91D6C-E285-429F-BB23-DF49186E7906}.Release|x64.ActiveCfg = Release|x64
		{46B91D6C-E285-429F-BB23-DF49186E7906}.Release|x64.Build.0 = Release|x64
		{46B91D6C-E285-429F-BB23-DF49186E7906}.Release|x86.ActiveCfg = Release|Win32
		{46B91D6C-E285-429F-BB23-DF49186E7906}.Release|x86.Build.0 = Release|Win32
	EndGlobalSection
	GlobalSection(SolutionProperties) = preSolution
		HideSolutionNode = FALSE
	EndGlobalSection
	GlobalSection(ExtensibilityGlobals) = postSolution
		SolutionGuid = {E4D8DBBC-78A9-4BBC-A1FE-2B93D0C957CF}
	EndGlobalSection
EndGlobal
